
Microsoft Visual Studio Solution File, Format Version 12.00
# Visual Studio Version 16
VisualStudioVersion = 16.0.31624.102
MinimumVisualStudioVersion = 10.0.40219.1
Project("{FAE04EC0-301F-11D3-BF4B-00C04F79EFBC}") = "Ders7_Bolum_Doktor_Hasta", "Ders7_Bolum_Doktor_Hasta\Ders7_Bolum_Doktor_Hasta.csproj", "{B8E7426D-B8FE-4EA6-9132-034F86611F10}"
EndProject
Project("{FAE04EC0-301F-11D3-BF4B-00C04F79EFBC}") = "Ders7_Bolum_Doktor_Hasta.DAL", "Ders7_Bolum_Doktor_Hasta.DAL\Ders7_Bolum_Doktor_Hasta.DAL.csproj", "{4FD6C53D-A4AB-4D1E-A24D-21DFF9CF2043}"
EndProject
Global
	GlobalSection(SolutionConfigurationPlatforms) = preSolution
		Debug|Any CPU = Debug|Any CPU
		Release|Any CPU = Release|Any CPU
	EndGlobalSection
	GlobalSection(ProjectConfigurationPlatforms) = postSolution
		{B8E7426D-B8FE-4EA6-9132-034F86611F10}.Debug|Any CPU.ActiveCfg = Debug|Any CPU
		{B8E7426D-B8FE-4EA6-9132-034F86611F10}.Debug|Any CPU.Build.0 = Debug|Any CPU
		{B8E7426D-B8FE-4EA6-9132-034F86611F10}.Release|Any CPU.ActiveCfg = Release|Any CPU
		{B8E7426D-B8FE-4EA6-9132-034F86611F10}.Release|Any CPU.Build.0 = Release|Any CPU
		{4FD6C53D-A4AB-4D1E-A24D-21DFF9CF2043}.Debug|Any CPU.ActiveCfg = Debug|Any CPU
		{4FD6C53D-A4AB-4D1E-A24D-21DFF9CF2043}.Debug|Any CPU.Build.0 = Debug|Any CPU
		{4FD6C53D-A4AB-4D1E-A24D-21DFF9CF2043}.Release|Any CPU.ActiveCfg = Release|Any CPU
		{4FD6C53D-A4AB-4D1E-A24D-21DFF9CF2043}.Release|Any CPU.Build.0 = Release|Any CPU
	EndGlobalSection
	GlobalSection(SolutionProperties) = preSolution
		HideSolutionNode = FALSE
	EndGlobalSection
	GlobalSection(ExtensibilityGlobals) = postSolution
		SolutionGuid = {5FDE7241-F426-43FA-8D08-D997ADC79CBD}
	EndGlobalSection
EndGlobal
